{
  "pins" : [
    {
      "identity" : "wallet-sdk-rs",
      "kind" : "remoteSourceControl",
      "location" : "https://github.com/spruceid/wallet-sdk-rs.git",
      "state" : {
        "revision" : "1647a9fcccdf44698f932f8ca3c7f452182f91f1",
        "version" : "0.0.2"
      }
    },
    {
      "identity" : "wallet-sdk-swift",
      "kind" : "remoteSourceControl",
      "location" : "https://github.com/spruceid/wallet-sdk-swift",
      "state" : {
        "revision" : "a5c26e959459f439f13734cd5d103678520e973f",
        "version" : "0.0.2"
      }
    }
  ],
  "version" : 2
}
